
Microsoft Visual Studio Solution File, Format Version 12.00
# Visual Studio Version 17
VisualStudioVersion = 17.4.33103.184
MinimumVisualStudioVersion = 10.0.40219.1
Project("{8BC9CEB8-8B4A-11D0-8D11-00A0C91BC942}") = "LearnOpenGL", "LearnOpenGL\LearnOpenGL.vcxproj", "{A18954FC-C3BD-484C-99ED-24B561015971}"
EndProject
Global
	GlobalSection(SolutionConfigurationPlatforms) = preSolution
		Debug|x64 = Debug|x64
		Debug|x86 = Debug|x86
		Release|x64 = Release|x64
		Release|x86 = Release|x86
	EndGlobalSection
	GlobalSection(ProjectConfigurationPlatforms) = postSolution
		{A18954FC-C3BD-484C-99ED-24B561015971}.Debug|x64.ActiveCfg = Debug|x64
		{A18954FC-C3BD-484C-99ED-24B561015971}.Debug|x64.Build.0 = Debug|x64
		{A18954FC-C3BD-484C-99ED-24B561015971}.Debug|x86.ActiveCfg = Debug|Win32
		{A18954FC-C3BD-484C-99ED-24B561015971}.Debug|x86.Build.0 = Debug|Win32
		{A18954FC-C3BD-484C-99ED-24B561015971}.Release|x64.ActiveCfg = Release|x64
		{A18954FC-C3BD-484C-99ED-24B561015971}.Release|x64.Build.0 = Release|x64
		{A18954FC-C3BD-484C-99ED-24B561015971}.Release|x86.ActiveCfg = Release|Win32
		{A18954FC-C3BD-484C-99ED-24B561015971}.Release|x86.Build.0 = Release|Win32
	EndGlobalSection
	GlobalSection(SolutionProperties) = preSolution
		HideSolutionNode = FALSE
	EndGlobalSection
	GlobalSection(ExtensibilityGlobals) = postSolution
		SolutionGuid = {2E102735-86ED-4093-BFE1-9BD61509705C}
	EndGlobalSection
EndGlobal
